
Microsoft Visual Studio Solution File, Format Version 12.00
# Visual Studio 15
VisualStudioVersion = 15.0.27703.2035
MinimumVisualStudioVersion = 10.0.40219.1
Project("{FAE04EC0-301F-11D3-BF4B-00C04F79EFBC}") = "I3Compiti", "I3Compiti\I3Compiti.csproj", "{B84323CD-BEB6-488B-911C-A25F1E8D6041}"
EndProject
Global
	GlobalSection(SolutionConfigurationPlatforms) = preSolution
		Debug|Any CPU = Debug|Any CPU
		Release|Any CPU = Release|Any CPU
	EndGlobalSection
	GlobalSection(ProjectConfigurationPlatforms) = postSolution
		{B84323CD-BEB6-488B-911C-A25F1E8D6041}.Debug|Any CPU.ActiveCfg = Debug|Any CPU
		{B84323CD-BEB6-488B-911C-A25F1E8D6041}.Debug|Any CPU.Build.0 = Debug|Any CPU
		{B84323CD-BEB6-488B-911C-A25F1E8D6041}.Release|Any CPU.ActiveCfg = Release|Any CPU
		{B84323CD-BEB6-488B-911C-A25F1E8D6041}.Release|Any CPU.Build.0 = Release|Any CPU
	EndGlobalSection
	GlobalSection(SolutionProperties) = preSolution
		HideSolutionNode = FALSE
	EndGlobalSection
	GlobalSection(ExtensibilityGlobals) = postSolution
		SolutionGuid = {EBB43A6D-912D-4589-A8CC-01BDAC01C0C8}
	EndGlobalSection
EndGlobal
